<?xml version="1.0" encoding="utf-8"?>
<Project ToolsVersion="4.0" xmlns="http://schemas.microsoft.com/developer/msbuild/2003">
  <ItemGroup>
    <Filter Include="源文件">
      <UniqueIdentifier>{4FC737F1-C7A5-4376-A066-2A32D752A2FF}</UniqueIdentifier>
      <Extensions>cpp;c;cc;cxx;def;odl;idl;hpj;bat;asm;asmx</Extensions>
    </Filter>
    <Filter Include="头文件">
      <UniqueIdentifier>{93995380-89BD-4b04-88EB-625FBE52EBFB}</UniqueIdentifier>
      <Extensions>h;hh;hpp;hxx;hm;inl;inc;xsd</Extensions>
    </Filter>
    <Filter Include="资源文件">
      <UniqueIdentifier>{67DA6AB6-F800-4c08-8B7A-83BB121AAD01}</UniqueIdentifier>
      <Extensions>rc;ico;cur;bmp;dlg;rc2;rct;bin;rgs;gif;jpg;jpeg;jpe;resx;tiff;tif;png;wav;mfcribbon-ms</Extensions>
    </Filter>
    <Filter Include="splinfit">
      <UniqueIdentifier>{5f08dd43-ee72-4a90-859b-adfc6824eeff}</UniqueIdentifier>
    </Filter>
  </ItemGroup>
  <ItemGroup>
    <Text Include="ReadMe.txt" />
  </ItemGroup>
  <ItemGroup>
    <ClInclude Include="stdafx.h">
      <Filter>头文件</Filter>
    </ClInclude>
    <ClInclude Include="targetver.h">
      <Filter>头文件</Filter>
    </ClInclude>
    <ClInclude Include="Algorithm.h">
      <Filter>头文件</Filter>
    </ClInclude>
    <ClInclude Include="CoreAlgorithm.h">
      <Filter>头文件</Filter>
    </ClInclude>
    <ClInclude Include="SharedHead.h">
      <Filter>头文件</Filter>
    </ClInclude>
    <ClInclude Include="SharedMethod.h">
      <Filter>头文件</Filter>
    </ClInclude>
    <ClInclude Include="cvtool.h">
      <Filter>头文件</Filter>
    </ClInclude>
    <ClInclude Include="splineFit_src\alglibinternal.h">
      <Filter>splinfit</Filter>
    </ClInclude>
    <ClInclude Include="splineFit_src\alglibmisc.h">
      <Filter>splinfit</Filter>
    </ClInclude>
    <ClInclude Include="splineFit_src\ap.h">
      <Filter>splinfit</Filter>
    </ClInclude>
    <ClInclude Include="splineFit_src\dataanalysis.h">
      <Filter>splinfit</Filter>
    </ClInclude>
    <ClInclude Include="splineFit_src\diffequations.h">
      <Filter>splinfit</Filter>
    </ClInclude>
    <ClInclude Include="splineFit_src\fasttransforms.h">
      <Filter>splinfit</Filter>
    </ClInclude>
    <ClInclude Include="splineFit_src\integration.h">
      <Filter>splinfit</Filter>
    </ClInclude>
    <ClInclude Include="splineFit_src\interpolation.h">
      <Filter>splinfit</Filter>
    </ClInclude>
    <ClInclude Include="splineFit_src\linalg.h">
      <Filter>splinfit</Filter>
    </ClInclude>
    <ClInclude Include="splineFit_src\optimization.h">
      <Filter>splinfit</Filter>
    </ClInclude>
    <ClInclude Include="splineFit_src\solvers.h">
      <Filter>splinfit</Filter>
    </ClInclude>
    <ClInclude Include="splineFit_src\specialfunctions.h">
      <Filter>splinfit</Filter>
    </ClInclude>
    <ClInclude Include="splineFit_src\statistics.h">
      <Filter>splinfit</Filter>
    </ClInclude>
    <ClInclude Include="splineFit_src\stdafx.h">
      <Filter>splinfit</Filter>
    </ClInclude>
    <ClInclude Include="CrossLaserSensor.h">
      <Filter>头文件</Filter>
    </ClInclude>
    <ClInclude Include="CrossLaserSenorAlgorithm.h">
      <Filter>头文件</Filter>
    </ClInclude>
    <ClInclude Include="Scanner.h">
      <Filter>头文件</Filter>
    </ClInclude>
    <ClInclude Include="cameraBase.h">
      <Filter>头文件</Filter>
    </ClInclude>
    <ClInclude Include="scannerSharedHeader.h">
      <Filter>头文件</Filter>
    </ClInclude>
    <ClInclude Include="XMLReader.h">
      <Filter>头文件</Filter>
    </ClInclude>
    <ClInclude Include="XMLWriter.h">
      <Filter>头文件</Filter>
    </ClInclude>
    <ClInclude Include="TinyXML\tinystr.h">
      <Filter>头文件</Filter>
    </ClInclude>
    <ClInclude Include="TinyXML\tinyxml.h">
      <Filter>头文件</Filter>
    </ClInclude>
    <ClInclude Include="test.h">
      <Filter>头文件</Filter>
    </ClInclude>
    <ClInclude Include="laserSensorAlgorithm.h">
      <Filter>头文件</Filter>
    </ClInclude>
  </ItemGroup>
  <ItemGroup>
    <ClCompile Include="stdafx.cpp">
      <Filter>源文件</Filter>
    </ClCompile>
    <ClCompile Include="crossLaserTest.cpp">
      <Filter>源文件</Filter>
    </ClCompile>
    <ClCompile Include="Algorithm.cpp">
      <Filter>源文件</Filter>
    </ClCompile>
    <ClCompile Include="CoreAlgorithm.cpp">
      <Filter>源文件</Filter>
    </ClCompile>
    <ClCompile Include="cvtool.cpp">
      <Filter>源文件</Filter>
    </ClCompile>
    <ClCompile Include="splineFit_src\alglibinternal.cpp">
      <Filter>splinfit</Filter>
    </ClCompile>
    <ClCompile Include="splineFit_src\alglibmisc.cpp">
      <Filter>splinfit</Filter>
    </ClCompile>
    <ClCompile Include="splineFit_src\ap.cpp">
      <Filter>splinfit</Filter>
    </ClCompile>
    <ClCompile Include="splineFit_src\dataanalysis.cpp">
      <Filter>splinfit</Filter>
    </ClCompile>
    <ClCompile Include="splineFit_src\diffequations.cpp">
      <Filter>splinfit</Filter>
    </ClCompile>
    <ClCompile Include="splineFit_src\fasttransforms.cpp">
      <Filter>splinfit</Filter>
    </ClCompile>
    <ClCompile Include="splineFit_src\integration.cpp">
      <Filter>splinfit</Filter>
    </ClCompile>
    <ClCompile Include="splineFit_src\interpolation.cpp">
      <Filter>splinfit</Filter>
    </ClCompile>
    <ClCompile Include="splineFit_src\linalg.cpp">
      <Filter>splinfit</Filter>
    </ClCompile>
    <ClCompile Include="splineFit_src\optimization.cpp">
      <Filter>splinfit</Filter>
    </ClCompile>
    <ClCompile Include="splineFit_src\solvers.cpp">
      <Filter>splinfit</Filter>
    </ClCompile>
    <ClCompile Include="splineFit_src\specialfunctions.cpp">
      <Filter>splinfit</Filter>
    </ClCompile>
    <ClCompile Include="splineFit_src\statistics.cpp">
      <Filter>splinfit</Filter>
    </ClCompile>
    <ClCompile Include="CrossLaserSensor.cpp">
      <Filter>源文件</Filter>
    </ClCompile>
    <ClCompile Include="CrossLaserSenorAlgorithm.cpp">
      <Filter>源文件</Filter>
    </ClCompile>
    <ClCompile Include="XMLReader.cpp">
      <Filter>源文件</Filter>
    </ClCompile>
    <ClCompile Include="XMLWriter.cpp">
      <Filter>源文件</Filter>
    </ClCompile>
    <ClCompile Include="TinyXML\tinystr.cpp">
      <Filter>源文件</Filter>
    </ClCompile>
    <ClCompile Include="TinyXML\tinyxml.cpp">
      <Filter>源文件</Filter>
    </ClCompile>
    <ClCompile Include="TinyXML\tinyxmlerror.cpp">
      <Filter>源文件</Filter>
    </ClCompile>
    <ClCompile Include="TinyXML\tinyxmlparser.cpp">
      <Filter>源文件</Filter>
    </ClCompile>
    <ClCompile Include="test.cpp">
      <Filter>源文件</Filter>
    </ClCompile>
    <ClCompile Include="laserSensorAlgorithm.cpp">
      <Filter>源文件</Filter>
    </ClCompile>
  </ItemGroup>
</Project>